
Microsoft Visual Studio Solution File, Format Version 12.00
# Visual Studio Version 17
VisualStudioVersion = 17.4.33403.182
MinimumVisualStudioVersion = 10.0.40219.1
Project("{FAE04EC0-301F-11D3-BF4B-00C04F79EFBC}") = "Roguelike", "Roguelike\Roguelike.csproj", "{3C1E2488-18FD-4B83-B0CC-B050111345C3}"
EndProject
Project("{2150E333-8FDC-42A3-9474-1A3956D46DE8}") = "Элементы решения", "Элементы решения", "{DD6F597D-C371-4372-BD16-C1C9D4177BE8}"
	ProjectSection(SolutionItems) = preProject
		hero.txt = hero.txt
		traider.txt = traider.txt
		mob2.txt = mob2.txt
		mob1.txt = mob1.txt
		mob3.txt = mob3.txt
	EndProjectSection
EndProject
Global
	GlobalSection(SolutionConfigurationPlatforms) = preSolution
		Debug|Any CPU = Debug|Any CPU
		Release|Any CPU = Release|Any CPU
	EndGlobalSection
	GlobalSection(ProjectConfigurationPlatforms) = postSolution
		{3C1E2488-18FD-4B83-B0CC-B050111345C3}.Debug|Any CPU.ActiveCfg = Debug|Any CPU
		{3C1E2488-18FD-4B83-B0CC-B050111345C3}.Debug|Any CPU.Build.0 = Debug|Any CPU
		{3C1E2488-18FD-4B83-B0CC-B050111345C3}.Release|Any CPU.ActiveCfg = Release|Any CPU
		{3C1E2488-18FD-4B83-B0CC-B050111345C3}.Release|Any CPU.Build.0 = Release|Any CPU
	EndGlobalSection
	GlobalSection(SolutionProperties) = preSolution
		HideSolutionNode = FALSE
	EndGlobalSection
	GlobalSection(ExtensibilityGlobals) = postSolution
		SolutionGuid = {9306ADE9-766C-4EB0-BFB7-DEF56C1E2FC9}
	EndGlobalSection
EndGlobal
